
Microsoft Visual Studio Solution File, Format Version 12.00
# Visual Studio Version 17
VisualStudioVersion = 17.2.32630.192
MinimumVisualStudioVersion = 10.0.40219.1
Project("{FAE04EC0-301F-11D3-BF4B-00C04F79EFBC}") = "DAL", "DAL\DAL.csproj", "{416E2BEE-A4A4-412A-BC43-8A1BFA86953B}"
EndProject
Global
	GlobalSection(SolutionConfigurationPlatforms) = preSolution
		Debug|Any CPU = Debug|Any CPU
		Release|Any CPU = Release|Any CPU
	EndGlobalSection
	GlobalSection(ProjectConfigurationPlatforms) = postSolution
		{416E2BEE-A4A4-412A-BC43-8A1BFA86953B}.Debug|Any CPU.ActiveCfg = Debug|Any CPU
		{416E2BEE-A4A4-412A-BC43-8A1BFA86953B}.Debug|Any CPU.Build.0 = Debug|Any CPU
		{416E2BEE-A4A4-412A-BC43-8A1BFA86953B}.Release|Any CPU.ActiveCfg = Release|Any CPU
		{416E2BEE-A4A4-412A-BC43-8A1BFA86953B}.Release|Any CPU.Build.0 = Release|Any CPU
	EndGlobalSection
	GlobalSection(SolutionProperties) = preSolution
		HideSolutionNode = FALSE
	EndGlobalSection
	GlobalSection(ExtensibilityGlobals) = postSolution
		SolutionGuid = {D4159423-3D1C-411C-B5FE-06320CD8B34B}
	EndGlobalSection
EndGlobal
